
Microsoft Visual Studio Solution File, Format Version 12.00
Project("{FAE04EC0-301F-11D3-BF4B-00C04F79EFBC}") = "Endure", "Endure\Endure.csproj", "{AF50E03F-4915-4A27-A37C-C8749063EC8A}"
EndProject
Project("{FAE04EC0-301F-11D3-BF4B-00C04F79EFBC}") = "Endure.Server", "Endure.Server\Endure.Server.csproj", "{E3FBBF67-0263-4AEF-AFA0-27F38F8DDEEA}"
EndProject
Global
	GlobalSection(SolutionConfigurationPlatforms) = preSolution
		Debug|Any CPU = Debug|Any CPU
		Release|Any CPU = Release|Any CPU
	EndGlobalSection
	GlobalSection(ProjectConfigurationPlatforms) = postSolution
		{AF50E03F-4915-4A27-A37C-C8749063EC8A}.Debug|Any CPU.ActiveCfg = Debug|Any CPU
		{AF50E03F-4915-4A27-A37C-C8749063EC8A}.Debug|Any CPU.Build.0 = Debug|Any CPU
		{AF50E03F-4915-4A27-A37C-C8749063EC8A}.Release|Any CPU.ActiveCfg = Release|Any CPU
		{AF50E03F-4915-4A27-A37C-C8749063EC8A}.Release|Any CPU.Build.0 = Release|Any CPU
		{E3FBBF67-0263-4AEF-AFA0-27F38F8DDEEA}.Debug|Any CPU.ActiveCfg = Debug|Any CPU
		{E3FBBF67-0263-4AEF-AFA0-27F38F8DDEEA}.Debug|Any CPU.Build.0 = Debug|Any CPU
		{E3FBBF67-0263-4AEF-AFA0-27F38F8DDEEA}.Release|Any CPU.ActiveCfg = Release|Any CPU
		{E3FBBF67-0263-4AEF-AFA0-27F38F8DDEEA}.Release|Any CPU.Build.0 = Release|Any CPU
	EndGlobalSection
EndGlobal
